
Microsoft Visual Studio Solution File, Format Version 12.00
# Visual Studio Version 17
VisualStudioVersion = 17.2.32616.157
MinimumVisualStudioVersion = 10.0.40219.1
Project("{FAE04EC0-301F-11D3-BF4B-00C04F79EFBC}") = "Task0", "Task0\Task0.csproj", "{8E900452-EAE0-490B-80DB-583FFE73B095}"
EndProject
Project("{9A19103F-16F7-4668-BE54-9A1E7A4F7556}") = "Task2", "..\EfcL3\Task2\Task2.csproj", "{09C3E783-F969-4035-BDE6-F05152FDE9C8}"
EndProject
Global
	GlobalSection(SolutionConfigurationPlatforms) = preSolution
		Debug|Any CPU = Debug|Any CPU
		Release|Any CPU = Release|Any CPU
	EndGlobalSection
	GlobalSection(ProjectConfigurationPlatforms) = postSolution
		{8E900452-EAE0-490B-80DB-583FFE73B095}.Debug|Any CPU.ActiveCfg = Debug|Any CPU
		{8E900452-EAE0-490B-80DB-583FFE73B095}.Debug|Any CPU.Build.0 = Debug|Any CPU
		{8E900452-EAE0-490B-80DB-583FFE73B095}.Release|Any CPU.ActiveCfg = Release|Any CPU
		{8E900452-EAE0-490B-80DB-583FFE73B095}.Release|Any CPU.Build.0 = Release|Any CPU
		{09C3E783-F969-4035-BDE6-F05152FDE9C8}.Debug|Any CPU.ActiveCfg = Debug|Any CPU
		{09C3E783-F969-4035-BDE6-F05152FDE9C8}.Debug|Any CPU.Build.0 = Debug|Any CPU
		{09C3E783-F969-4035-BDE6-F05152FDE9C8}.Release|Any CPU.ActiveCfg = Release|Any CPU
		{09C3E783-F969-4035-BDE6-F05152FDE9C8}.Release|Any CPU.Build.0 = Release|Any CPU
	EndGlobalSection
	GlobalSection(SolutionProperties) = preSolution
		HideSolutionNode = FALSE
	EndGlobalSection
	GlobalSection(ExtensibilityGlobals) = postSolution
		SolutionGuid = {DA071F54-2204-4FFF-8DD0-54F20DEE7B10}
	EndGlobalSection
EndGlobal
